schema: '2.0'
stages:
  train:
    cmd: python train.py
    deps:
    - path: data/MNIST
      md5: 0aed307494600d178fbdc0d000d6db38.dir
      size: 66544866
      nfiles: 10
    - path: train.py
      md5: d5dc050c9aca907f78b07f92cd8ee393
      size: 3870
    params:
      params.yaml:
        lr: 0.045
        seed: 473987
        weight_decay: 29
    outs:
    - path: model.pt
      md5: d0d406152c05de54940a94ac6447146c
      size: 410191
    - path: results
      md5: f219f254caa7d5e5743bbe526455b24a.dir
      size: 403
      nfiles: 2
